
Microsoft Visual Studio Solution File, Format Version 12.00
# Visual Studio Version 17
VisualStudioVersion = 17.14.36109.1 d17.14
MinimumVisualStudioVersion = 10.0.40219.1
Project("{FAE04EC0-301F-11D3-BF4B-00C04F79EFBC}") = "Mini project 1 K Myrestam", "Mini project 1 K Myrestam\Mini project 1 K Myrestam.csproj", "{D8C74123-DFA3-4655-8474-AA5D23D55C5A}"
EndProject
Global
	GlobalSection(SolutionConfigurationPlatforms) = preSolution
		Debug|Any CPU = Debug|Any CPU
		Release|Any CPU = Release|Any CPU
	EndGlobalSection
	GlobalSection(ProjectConfigurationPlatforms) = postSolution
		{D8C74123-DFA3-4655-8474-AA5D23D55C5A}.Debug|Any CPU.ActiveCfg = Debug|Any CPU
		{D8C74123-DFA3-4655-8474-AA5D23D55C5A}.Debug|Any CPU.Build.0 = Debug|Any CPU
		{D8C74123-DFA3-4655-8474-AA5D23D55C5A}.Release|Any CPU.ActiveCfg = Release|Any CPU
		{D8C74123-DFA3-4655-8474-AA5D23D55C5A}.Release|Any CPU.Build.0 = Release|Any CPU
	EndGlobalSection
	GlobalSection(SolutionProperties) = preSolution
		HideSolutionNode = FALSE
	EndGlobalSection
	GlobalSection(ExtensibilityGlobals) = postSolution
		SolutionGuid = {EEDF3CD2-3C6F-4E26-8739-EAFFE40E7983}
	EndGlobalSection
EndGlobal
